
Microsoft Visual Studio Solution File, Format Version 12.00
# Visual Studio Version 17
VisualStudioVersion = 17.1.32407.343
MinimumVisualStudioVersion = 10.0.40219.1
Project("{FAE04EC0-301F-11D3-BF4B-00C04F79EFBC}") = "ForTest4", "ForTest4\ForTest4.csproj", "{C61A726B-1899-4BA9-8FF4-713395048B03}"
EndProject
Global
	GlobalSection(SolutionConfigurationPlatforms) = preSolution
		Debug|Any CPU = Debug|Any CPU
		Release|Any CPU = Release|Any CPU
	EndGlobalSection
	GlobalSection(ProjectConfigurationPlatforms) = postSolution
		{C61A726B-1899-4BA9-8FF4-713395048B03}.Debug|Any CPU.ActiveCfg = Debug|Any CPU
		{C61A726B-1899-4BA9-8FF4-713395048B03}.Debug|Any CPU.Build.0 = Debug|Any CPU
		{C61A726B-1899-4BA9-8FF4-713395048B03}.Release|Any CPU.ActiveCfg = Release|Any CPU
		{C61A726B-1899-4BA9-8FF4-713395048B03}.Release|Any CPU.Build.0 = Release|Any CPU
	EndGlobalSection
	GlobalSection(SolutionProperties) = preSolution
		HideSolutionNode = FALSE
	EndGlobalSection
	GlobalSection(ExtensibilityGlobals) = postSolution
		SolutionGuid = {2E4742CC-E65B-4C8E-8294-41042F659556}
	EndGlobalSection
EndGlobal
