
Microsoft Visual Studio Solution File, Format Version 12.00
# Visual Studio Version 17
VisualStudioVersion = 17.1.32407.343
MinimumVisualStudioVersion = 10.0.40219.1
Project("{FAE04EC0-301F-11D3-BF4B-00C04F79EFBC}") = "Project-0-0", "Project-0-0\Project-0-0.csproj", "{94FCEE34-59EF-4D73-8B51-9E54D3515BB8}"
EndProject
Global
	GlobalSection(SolutionConfigurationPlatforms) = preSolution
		Debug|Any CPU = Debug|Any CPU
		Release|Any CPU = Release|Any CPU
	EndGlobalSection
	GlobalSection(ProjectConfigurationPlatforms) = postSolution
		{94FCEE34-59EF-4D73-8B51-9E54D3515BB8}.Debug|Any CPU.ActiveCfg = Debug|Any CPU
		{94FCEE34-59EF-4D73-8B51-9E54D3515BB8}.Debug|Any CPU.Build.0 = Debug|Any CPU
		{94FCEE34-59EF-4D73-8B51-9E54D3515BB8}.Release|Any CPU.ActiveCfg = Release|Any CPU
		{94FCEE34-59EF-4D73-8B51-9E54D3515BB8}.Release|Any CPU.Build.0 = Release|Any CPU
	EndGlobalSection
	GlobalSection(SolutionProperties) = preSolution
		HideSolutionNode = FALSE
	EndGlobalSection
	GlobalSection(ExtensibilityGlobals) = postSolution
		SolutionGuid = {371EB428-9268-4CE4-8199-3C60521B2EAE}
	EndGlobalSection
EndGlobal
