
Microsoft Visual Studio Solution File, Format Version 12.00
# Visual Studio Version 17
VisualStudioVersion = 17.1.32407.343
MinimumVisualStudioVersion = 10.0.40219.1
Project("{FAE04EC0-301F-11D3-BF4B-00C04F79EFBC}") = "BL", "BL.csproj", "{BAFA92B7-6774-49E1-85CE-72A79C6D885B}"
EndProject
Global
	GlobalSection(SolutionConfigurationPlatforms) = preSolution
		Debug|Any CPU = Debug|Any CPU
		Release|Any CPU = Release|Any CPU
	EndGlobalSection
	GlobalSection(ProjectConfigurationPlatforms) = postSolution
		{BAFA92B7-6774-49E1-85CE-72A79C6D885B}.Debug|Any CPU.ActiveCfg = Debug|Any CPU
		{BAFA92B7-6774-49E1-85CE-72A79C6D885B}.Debug|Any CPU.Build.0 = Debug|Any CPU
		{BAFA92B7-6774-49E1-85CE-72A79C6D885B}.Release|Any CPU.ActiveCfg = Release|Any CPU
		{BAFA92B7-6774-49E1-85CE-72A79C6D885B}.Release|Any CPU.Build.0 = Release|Any CPU
	EndGlobalSection
	GlobalSection(SolutionProperties) = preSolution
		HideSolutionNode = FALSE
	EndGlobalSection
	GlobalSection(ExtensibilityGlobals) = postSolution
		SolutionGuid = {4A1E7812-AF91-439F-B7CA-8DBD34AD8472}
	EndGlobalSection
EndGlobal
